
Microsoft Visual Studio Solution File, Format Version 12.00
# Visual Studio Version 16
VisualStudioVersion = 16.0.29613.14
MinimumVisualStudioVersion = 10.0.40219.1
Project("{9A19103F-16F7-4668-BE54-9A1E7A4F7556}") = "ServiceIntegracao", "Service\ServiceIntegracao.csproj", "{3B06A501-AA41-4B85-9486-45FDE46A3D71}"
EndProject
Global
	GlobalSection(SolutionConfigurationPlatforms) = preSolution
		Debug|Any CPU = Debug|Any CPU
		Debug|x86 = Debug|x86
		Release|Any CPU = Release|Any CPU
		Release|x86 = Release|x86
	EndGlobalSection
	GlobalSection(ProjectConfigurationPlatforms) = postSolution
		{3B06A501-AA41-4B85-9486-45FDE46A3D71}.Debug|Any CPU.ActiveCfg = Debug|Any CPU
		{3B06A501-AA41-4B85-9486-45FDE46A3D71}.Debug|Any CPU.Build.0 = Debug|Any CPU
		{3B06A501-AA41-4B85-9486-45FDE46A3D71}.Debug|x86.ActiveCfg = Debug|Any CPU
		{3B06A501-AA41-4B85-9486-45FDE46A3D71}.Debug|x86.Build.0 = Debug|Any CPU
		{3B06A501-AA41-4B85-9486-45FDE46A3D71}.Release|Any CPU.ActiveCfg = Release|Any CPU
		{3B06A501-AA41-4B85-9486-45FDE46A3D71}.Release|Any CPU.Build.0 = Release|Any CPU
		{3B06A501-AA41-4B85-9486-45FDE46A3D71}.Release|x86.ActiveCfg = Release|Any CPU
		{3B06A501-AA41-4B85-9486-45FDE46A3D71}.Release|x86.Build.0 = Release|Any CPU
	EndGlobalSection
	GlobalSection(SolutionProperties) = preSolution
		HideSolutionNode = FALSE
	EndGlobalSection
	GlobalSection(ExtensibilityGlobals) = postSolution
		SolutionGuid = {1ACEE23E-D6D1-4F90-A701-00A4D7738F75}
	EndGlobalSection
EndGlobal
